
Microsoft Visual Studio Solution File, Format Version 12.00
# Visual Studio 2012
Project("{f2a71f9b-5d33-465a-a702-920d77279786}") = "Dogfood.FSharp", "Dogfood.FSharp\Dogfood.FSharp.fsproj", "{55FC9CBD-6E8E-4716-BEB6-8B69FFD2E5E5}"
EndProject
Global
	GlobalSection(SolutionConfigurationPlatforms) = preSolution
		Debug|iPhoneSimulator = Debug|iPhoneSimulator
		Release|iPhone = Release|iPhone
		Release|iPhoneSimulator = Release|iPhoneSimulator
		Debug|iPhone = Debug|iPhone
	EndGlobalSection
	GlobalSection(ProjectConfigurationPlatforms) = postSolution
		{55FC9CBD-6E8E-4716-BEB6-8B69FFD2E5E5}.Debug|iPhoneSimulator.ActiveCfg = Debug|iPhoneSimulator
		{55FC9CBD-6E8E-4716-BEB6-8B69FFD2E5E5}.Debug|iPhoneSimulator.Build.0 = Debug|iPhoneSimulator
		{55FC9CBD-6E8E-4716-BEB6-8B69FFD2E5E5}.Release|iPhone.ActiveCfg = Release|iPhone
		{55FC9CBD-6E8E-4716-BEB6-8B69FFD2E5E5}.Release|iPhone.Build.0 = Release|iPhone
		{55FC9CBD-6E8E-4716-BEB6-8B69FFD2E5E5}.Release|iPhoneSimulator.ActiveCfg = Release|iPhoneSimulator
		{55FC9CBD-6E8E-4716-BEB6-8B69FFD2E5E5}.Release|iPhoneSimulator.Build.0 = Release|iPhoneSimulator
		{55FC9CBD-6E8E-4716-BEB6-8B69FFD2E5E5}.Debug|iPhone.ActiveCfg = Debug|iPhone
		{55FC9CBD-6E8E-4716-BEB6-8B69FFD2E5E5}.Debug|iPhone.Build.0 = Debug|iPhone
	EndGlobalSection
EndGlobal
